
Microsoft Visual Studio Solution File, Format Version 12.00
# Visual Studio Version 16
VisualStudioVersion = 16.0.32510.428
MinimumVisualStudioVersion = 10.0.40219.1
Project("{FAE04EC0-301F-11D3-BF4B-00C04F79EFBC}") = "Timer Sample", "Timer Sample\Timer Sample.csproj", "{DD877A9F-FFCD-47E0-BF3D-FC256C5BF7BC}"
EndProject
Global
	GlobalSection(SolutionConfigurationPlatforms) = preSolution
		Debug|Any CPU = Debug|Any CPU
		Release|Any CPU = Release|Any CPU
	EndGlobalSection
	GlobalSection(ProjectConfigurationPlatforms) = postSolution
		{DD877A9F-FFCD-47E0-BF3D-FC256C5BF7BC}.Debug|Any CPU.ActiveCfg = Debug|Any CPU
		{DD877A9F-FFCD-47E0-BF3D-FC256C5BF7BC}.Debug|Any CPU.Build.0 = Debug|Any CPU
		{DD877A9F-FFCD-47E0-BF3D-FC256C5BF7BC}.Release|Any CPU.ActiveCfg = Release|Any CPU
		{DD877A9F-FFCD-47E0-BF3D-FC256C5BF7BC}.Release|Any CPU.Build.0 = Release|Any CPU
	EndGlobalSection
	GlobalSection(SolutionProperties) = preSolution
		HideSolutionNode = FALSE
	EndGlobalSection
	GlobalSection(ExtensibilityGlobals) = postSolution
		SolutionGuid = {6BA9AC1B-AC4D-4493-9B8D-36C49C56FE75}
	EndGlobalSection
EndGlobal
