
Microsoft Visual Studio Solution File, Format Version 12.00
# Visual Studio Version 16
VisualStudioVersion = 16.0.32510.428
MinimumVisualStudioVersion = 10.0.40219.1
Project("{FAE04EC0-301F-11D3-BF4B-00C04F79EFBC}") = "CheckExistValueInArray", "CheckExistValueInArray\CheckExistValueInArray.csproj", "{C280DBB1-EDAC-4B83-9DCC-CDF96E8E6DD0}"
EndProject
Global
	GlobalSection(SolutionConfigurationPlatforms) = preSolution
		Debug|Any CPU = Debug|Any CPU
		Release|Any CPU = Release|Any CPU
	EndGlobalSection
	GlobalSection(ProjectConfigurationPlatforms) = postSolution
		{C280DBB1-EDAC-4B83-9DCC-CDF96E8E6DD0}.Debug|Any CPU.ActiveCfg = Debug|Any CPU
		{C280DBB1-EDAC-4B83-9DCC-CDF96E8E6DD0}.Debug|Any CPU.Build.0 = Debug|Any CPU
		{C280DBB1-EDAC-4B83-9DCC-CDF96E8E6DD0}.Release|Any CPU.ActiveCfg = Release|Any CPU
		{C280DBB1-EDAC-4B83-9DCC-CDF96E8E6DD0}.Release|Any CPU.Build.0 = Release|Any CPU
	EndGlobalSection
	GlobalSection(SolutionProperties) = preSolution
		HideSolutionNode = FALSE
	EndGlobalSection
	GlobalSection(ExtensibilityGlobals) = postSolution
		SolutionGuid = {540615B6-CDF6-4BEC-BF32-8B4E5DD2B701}
	EndGlobalSection
EndGlobal
