
Microsoft Visual Studio Solution File, Format Version 12.00
# Visual Studio Version 16
VisualStudioVersion = 16.0.32106.194
MinimumVisualStudioVersion = 10.0.40219.1
Project("{FAE04EC0-301F-11D3-BF4B-00C04F79EFBC}") = "DataSet_To_JSON", "DataSet_To_JSON\DataSet_To_JSON.csproj", "{D6908800-5E05-4560-AC74-45C1B1E039E8}"
EndProject
Global
	GlobalSection(SolutionConfigurationPlatforms) = preSolution
		Debug|Any CPU = Debug|Any CPU
		Release|Any CPU = Release|Any CPU
	EndGlobalSection
	GlobalSection(ProjectConfigurationPlatforms) = postSolution
		{D6908800-5E05-4560-AC74-45C1B1E039E8}.Debug|Any CPU.ActiveCfg = Debug|Any CPU
		{D6908800-5E05-4560-AC74-45C1B1E039E8}.Debug|Any CPU.Build.0 = Debug|Any CPU
		{D6908800-5E05-4560-AC74-45C1B1E039E8}.Release|Any CPU.ActiveCfg = Release|Any CPU
		{D6908800-5E05-4560-AC74-45C1B1E039E8}.Release|Any CPU.Build.0 = Release|Any CPU
	EndGlobalSection
	GlobalSection(SolutionProperties) = preSolution
		HideSolutionNode = FALSE
	EndGlobalSection
	GlobalSection(ExtensibilityGlobals) = postSolution
		SolutionGuid = {44B75496-CC01-478E-A6FA-FF1885059026}
	EndGlobalSection
EndGlobal
