
Microsoft Visual Studio Solution File, Format Version 12.00
# Visual Studio Version 16
VisualStudioVersion = 16.0.31205.134
MinimumVisualStudioVersion = 10.0.40219.1
Project("{FAE04EC0-301F-11D3-BF4B-00C04F79EFBC}") = "Test 77", "Test 77.csproj", "{F08B5C04-8325-4B5C-85AF-7A7AECA05BE5}"
EndProject
Global
	GlobalSection(SolutionConfigurationPlatforms) = preSolution
		Debug|Any CPU = Debug|Any CPU
		Release|Any CPU = Release|Any CPU
	EndGlobalSection
	GlobalSection(ProjectConfigurationPlatforms) = postSolution
		{F08B5C04-8325-4B5C-85AF-7A7AECA05BE5}.Debug|Any CPU.ActiveCfg = Debug|Any CPU
		{F08B5C04-8325-4B5C-85AF-7A7AECA05BE5}.Debug|Any CPU.Build.0 = Debug|Any CPU
		{F08B5C04-8325-4B5C-85AF-7A7AECA05BE5}.Release|Any CPU.ActiveCfg = Release|Any CPU
		{F08B5C04-8325-4B5C-85AF-7A7AECA05BE5}.Release|Any CPU.Build.0 = Release|Any CPU
	EndGlobalSection
	GlobalSection(SolutionProperties) = preSolution
		HideSolutionNode = FALSE
	EndGlobalSection
	GlobalSection(ExtensibilityGlobals) = postSolution
		SolutionGuid = {FBE01C38-1D27-4707-A89F-1B4DCB028B83}
	EndGlobalSection
EndGlobal
