
Microsoft Visual Studio Solution File, Format Version 12.00
# Visual Studio 2013
VisualStudioVersion = 12.0.21005.1
MinimumVisualStudioVersion = 10.0.40219.1
Project("{FAE04EC0-301F-11D3-BF4B-00C04F79EFBC}") = "Test 35", "Test 35\Test 35.csproj", "{ABCE6735-5153-4CE7-95C1-76E6920A9732}"
EndProject
Global
	GlobalSection(SolutionConfigurationPlatforms) = preSolution
		Debug|Any CPU = Debug|Any CPU
		Release|Any CPU = Release|Any CPU
	EndGlobalSection
	GlobalSection(ProjectConfigurationPlatforms) = postSolution
		{ABCE6735-5153-4CE7-95C1-76E6920A9732}.Debug|Any CPU.ActiveCfg = Debug|Any CPU
		{ABCE6735-5153-4CE7-95C1-76E6920A9732}.Debug|Any CPU.Build.0 = Debug|Any CPU
		{ABCE6735-5153-4CE7-95C1-76E6920A9732}.Release|Any CPU.ActiveCfg = Release|Any CPU
		{ABCE6735-5153-4CE7-95C1-76E6920A9732}.Release|Any CPU.Build.0 = Release|Any CPU
	EndGlobalSection
	GlobalSection(SolutionProperties) = preSolution
		HideSolutionNode = FALSE
	EndGlobalSection
EndGlobal
