
Microsoft Visual Studio Solution File, Format Version 12.00
# Visual Studio Version 17
VisualStudioVersion = 17.4.33213.308
MinimumVisualStudioVersion = 10.0.40219.1
Project("{FAE04EC0-301F-11D3-BF4B-00C04F79EFBC}") = "DistinctRowFromDT", "DistinctRowFromDT\DistinctRowFromDT.csproj", "{374D2361-AFB3-4751-9C0C-713802BC4AF7}"
EndProject
Global
	GlobalSection(SolutionConfigurationPlatforms) = preSolution
		Debug|Any CPU = Debug|Any CPU
		Release|Any CPU = Release|Any CPU
	EndGlobalSection
	GlobalSection(ProjectConfigurationPlatforms) = postSolution
		{374D2361-AFB3-4751-9C0C-713802BC4AF7}.Debug|Any CPU.ActiveCfg = Debug|Any CPU
		{374D2361-AFB3-4751-9C0C-713802BC4AF7}.Debug|Any CPU.Build.0 = Debug|Any CPU
		{374D2361-AFB3-4751-9C0C-713802BC4AF7}.Release|Any CPU.ActiveCfg = Release|Any CPU
		{374D2361-AFB3-4751-9C0C-713802BC4AF7}.Release|Any CPU.Build.0 = Release|Any CPU
	EndGlobalSection
	GlobalSection(SolutionProperties) = preSolution
		HideSolutionNode = FALSE
	EndGlobalSection
	GlobalSection(ExtensibilityGlobals) = postSolution
		SolutionGuid = {68BC9D0F-4CBD-4BE7-912C-A7EE7C497B29}
	EndGlobalSection
EndGlobal
