
Microsoft Visual Studio Solution File, Format Version 12.00
# Visual Studio Version 17
VisualStudioVersion = 17.4.33213.308
MinimumVisualStudioVersion = 10.0.40219.1
Project("{FAE04EC0-301F-11D3-BF4B-00C04F79EFBC}") = "GetEmptyColumnRows", "GetEmptyColumnRows\GetEmptyColumnRows.csproj", "{959F4611-F11B-4A13-8162-3AB2A22649AD}"
EndProject
Global
	GlobalSection(SolutionConfigurationPlatforms) = preSolution
		Debug|Any CPU = Debug|Any CPU
		Release|Any CPU = Release|Any CPU
	EndGlobalSection
	GlobalSection(ProjectConfigurationPlatforms) = postSolution
		{959F4611-F11B-4A13-8162-3AB2A22649AD}.Debug|Any CPU.ActiveCfg = Debug|Any CPU
		{959F4611-F11B-4A13-8162-3AB2A22649AD}.Debug|Any CPU.Build.0 = Debug|Any CPU
		{959F4611-F11B-4A13-8162-3AB2A22649AD}.Release|Any CPU.ActiveCfg = Release|Any CPU
		{959F4611-F11B-4A13-8162-3AB2A22649AD}.Release|Any CPU.Build.0 = Release|Any CPU
	EndGlobalSection
	GlobalSection(SolutionProperties) = preSolution
		HideSolutionNode = FALSE
	EndGlobalSection
	GlobalSection(ExtensibilityGlobals) = postSolution
		SolutionGuid = {A4F22C0C-13A1-473B-A893-8D42B6ED4488}
	EndGlobalSection
EndGlobal
