
Microsoft Visual Studio Solution File, Format Version 12.00
# Visual Studio Version 17
VisualStudioVersion = 17.5.33516.290
MinimumVisualStudioVersion = 10.0.40219.1
Project("{FAE04EC0-301F-11D3-BF4B-00C04F79EFBC}") = "ChangeAttributesEXE", "ChangeAttributesEXE\ChangeAttributesEXE.csproj", "{03840376-F4DF-48ED-80EF-A8E2B39FA044}"
EndProject
Global
	GlobalSection(SolutionConfigurationPlatforms) = preSolution
		Debug|Any CPU = Debug|Any CPU
		Release|Any CPU = Release|Any CPU
	EndGlobalSection
	GlobalSection(ProjectConfigurationPlatforms) = postSolution
		{03840376-F4DF-48ED-80EF-A8E2B39FA044}.Debug|Any CPU.ActiveCfg = Debug|Any CPU
		{03840376-F4DF-48ED-80EF-A8E2B39FA044}.Debug|Any CPU.Build.0 = Debug|Any CPU
		{03840376-F4DF-48ED-80EF-A8E2B39FA044}.Release|Any CPU.ActiveCfg = Release|Any CPU
		{03840376-F4DF-48ED-80EF-A8E2B39FA044}.Release|Any CPU.Build.0 = Release|Any CPU
	EndGlobalSection
	GlobalSection(SolutionProperties) = preSolution
		HideSolutionNode = FALSE
	EndGlobalSection
	GlobalSection(ExtensibilityGlobals) = postSolution
		SolutionGuid = {E7C6B568-D72C-452F-9EB9-59E4EC20EE12}
	EndGlobalSection
EndGlobal
