
Microsoft Visual Studio Solution File, Format Version 12.00
# Visual Studio Version 17
VisualStudioVersion = 17.4.33213.308
MinimumVisualStudioVersion = 10.0.40219.1
Project("{FAE04EC0-301F-11D3-BF4B-00C04F79EFBC}") = "RenameFilesFromFolder", "RenameFilesFromFolder\RenameFilesFromFolder.csproj", "{6DB99A5D-2A2A-4BA4-A3B5-96C6A4074032}"
EndProject
Global
	GlobalSection(SolutionConfigurationPlatforms) = preSolution
		Debug|Any CPU = Debug|Any CPU
		Release|Any CPU = Release|Any CPU
	EndGlobalSection
	GlobalSection(ProjectConfigurationPlatforms) = postSolution
		{6DB99A5D-2A2A-4BA4-A3B5-96C6A4074032}.Debug|Any CPU.ActiveCfg = Debug|Any CPU
		{6DB99A5D-2A2A-4BA4-A3B5-96C6A4074032}.Debug|Any CPU.Build.0 = Debug|Any CPU
		{6DB99A5D-2A2A-4BA4-A3B5-96C6A4074032}.Release|Any CPU.ActiveCfg = Release|Any CPU
		{6DB99A5D-2A2A-4BA4-A3B5-96C6A4074032}.Release|Any CPU.Build.0 = Release|Any CPU
	EndGlobalSection
	GlobalSection(SolutionProperties) = preSolution
		HideSolutionNode = FALSE
	EndGlobalSection
	GlobalSection(ExtensibilityGlobals) = postSolution
		SolutionGuid = {4DCC1501-F87D-42F5-988F-44E6A15A8811}
	EndGlobalSection
EndGlobal
