
Microsoft Visual Studio Solution File, Format Version 12.00
# Visual Studio 2013
VisualStudioVersion = 12.0.21005.1
MinimumVisualStudioVersion = 10.0.40219.1
Project("{FAE04EC0-301F-11D3-BF4B-00C04F79EFBC}") = "Test 50", "Test 50\Test 50.csproj", "{DC608F21-D3D8-43C7-B4FF-8DF274D9B783}"
EndProject
Global
	GlobalSection(SolutionConfigurationPlatforms) = preSolution
		Debug|Any CPU = Debug|Any CPU
		Release|Any CPU = Release|Any CPU
	EndGlobalSection
	GlobalSection(ProjectConfigurationPlatforms) = postSolution
		{DC608F21-D3D8-43C7-B4FF-8DF274D9B783}.Debug|Any CPU.ActiveCfg = Debug|Any CPU
		{DC608F21-D3D8-43C7-B4FF-8DF274D9B783}.Debug|Any CPU.Build.0 = Debug|Any CPU
		{DC608F21-D3D8-43C7-B4FF-8DF274D9B783}.Release|Any CPU.ActiveCfg = Release|Any CPU
		{DC608F21-D3D8-43C7-B4FF-8DF274D9B783}.Release|Any CPU.Build.0 = Release|Any CPU
	EndGlobalSection
	GlobalSection(SolutionProperties) = preSolution
		HideSolutionNode = FALSE
	EndGlobalSection
EndGlobal
