
Microsoft Visual Studio Solution File, Format Version 12.00
# Visual Studio 2013
VisualStudioVersion = 12.0.21005.1
MinimumVisualStudioVersion = 10.0.40219.1
Project("{FAE04EC0-301F-11D3-BF4B-00C04F79EFBC}") = "Test 48", "Test 48\Test 48.csproj", "{365C2ACB-1B87-4E76-93AB-D280A75C33CF}"
EndProject
Global
	GlobalSection(SolutionConfigurationPlatforms) = preSolution
		Debug|Any CPU = Debug|Any CPU
		Release|Any CPU = Release|Any CPU
	EndGlobalSection
	GlobalSection(ProjectConfigurationPlatforms) = postSolution
		{365C2ACB-1B87-4E76-93AB-D280A75C33CF}.Debug|Any CPU.ActiveCfg = Debug|Any CPU
		{365C2ACB-1B87-4E76-93AB-D280A75C33CF}.Debug|Any CPU.Build.0 = Debug|Any CPU
		{365C2ACB-1B87-4E76-93AB-D280A75C33CF}.Release|Any CPU.ActiveCfg = Release|Any CPU
		{365C2ACB-1B87-4E76-93AB-D280A75C33CF}.Release|Any CPU.Build.0 = Release|Any CPU
	EndGlobalSection
	GlobalSection(SolutionProperties) = preSolution
		HideSolutionNode = FALSE
	EndGlobalSection
EndGlobal
