
Microsoft Visual Studio Solution File, Format Version 12.00
# Visual Studio Version 16
VisualStudioVersion = 16.0.32002.261
MinimumVisualStudioVersion = 10.0.40219.1
Project("{FAE04EC0-301F-11D3-BF4B-00C04F79EFBC}") = "Thread_Concept", "Thread_Concept\Thread_Concept.csproj", "{2BE4E3EF-4EFE-4B53-A8BC-6D34943FB8D9}"
EndProject
Global
	GlobalSection(SolutionConfigurationPlatforms) = preSolution
		Debug|Any CPU = Debug|Any CPU
		Release|Any CPU = Release|Any CPU
	EndGlobalSection
	GlobalSection(ProjectConfigurationPlatforms) = postSolution
		{2BE4E3EF-4EFE-4B53-A8BC-6D34943FB8D9}.Debug|Any CPU.ActiveCfg = Debug|Any CPU
		{2BE4E3EF-4EFE-4B53-A8BC-6D34943FB8D9}.Debug|Any CPU.Build.0 = Debug|Any CPU
		{2BE4E3EF-4EFE-4B53-A8BC-6D34943FB8D9}.Release|Any CPU.ActiveCfg = Release|Any CPU
		{2BE4E3EF-4EFE-4B53-A8BC-6D34943FB8D9}.Release|Any CPU.Build.0 = Release|Any CPU
	EndGlobalSection
	GlobalSection(SolutionProperties) = preSolution
		HideSolutionNode = FALSE
	EndGlobalSection
	GlobalSection(ExtensibilityGlobals) = postSolution
		SolutionGuid = {29AC7DC1-5F5A-48EB-8731-71141235ED31}
	EndGlobalSection
EndGlobal
