
Microsoft Visual Studio Solution File, Format Version 12.00
# Visual Studio Version 16
VisualStudioVersion = 16.0.31205.134
MinimumVisualStudioVersion = 10.0.40219.1
Project("{FAE04EC0-301F-11D3-BF4B-00C04F79EFBC}") = "Test 71", "Test 71.csproj", "{16A16762-1443-40EF-A662-50217D0105D2}"
EndProject
Global
	GlobalSection(SolutionConfigurationPlatforms) = preSolution
		Debug|Any CPU = Debug|Any CPU
		Release|Any CPU = Release|Any CPU
	EndGlobalSection
	GlobalSection(ProjectConfigurationPlatforms) = postSolution
		{16A16762-1443-40EF-A662-50217D0105D2}.Debug|Any CPU.ActiveCfg = Debug|Any CPU
		{16A16762-1443-40EF-A662-50217D0105D2}.Debug|Any CPU.Build.0 = Debug|Any CPU
		{16A16762-1443-40EF-A662-50217D0105D2}.Release|Any CPU.ActiveCfg = Release|Any CPU
		{16A16762-1443-40EF-A662-50217D0105D2}.Release|Any CPU.Build.0 = Release|Any CPU
	EndGlobalSection
	GlobalSection(SolutionProperties) = preSolution
		HideSolutionNode = FALSE
	EndGlobalSection
	GlobalSection(ExtensibilityGlobals) = postSolution
		SolutionGuid = {E728AD4A-72D4-44D0-AF7F-61F11CA0AF6C}
	EndGlobalSection
EndGlobal
